schema: '2.0'
stages:
  prepare:
    cmd: python src/prepare.py
    deps:
    - path: data/raw/
      hash: md5
      md5: 94f426f3d3a44058cc4d52a7e9fadbb0.dir
      size: 2547427
      nfiles: 6
    - path: src/prepare.py
      hash: md5
      md5: 89475078128cd8de4760c160dad41861
      size: 1317
    outs:
    - path: data/interim/train_plus_sample.csv
      hash: md5
      md5: 83975dd3c2c09036a52f9e9a6c72b960
      size: 1067684
  train:
    cmd: python src/train.py --params params.yaml
    deps:
    - path: data/interim/train_plus_sample.csv
      hash: md5
      md5: 83975dd3c2c09036a52f9e9a6c72b960
      size: 1067684
    - path: params.yaml
      hash: md5
      md5: 62b356c24ca1d1b76ea0478eb97ad7b3
      size: 68
    - path: src/train.py
      hash: md5
      md5: 2d24622ed5f86f249dc6787b559723b2
      size: 989
    outs:
    - path: metrics/train.json
      hash: md5
      md5: d322f7c74d0f28e2e9f423c25e5f298a
      size: 62
    - path: models/model.pkl
      hash: md5
      md5: 0c592d0177400ce2e9e3bccbff8e05c4
      size: 833
